
Microsoft Visual Studio Solution File, Format Version 12.00
# Visual Studio 15
VisualStudioVersion = 15.0.28307.102
MinimumVisualStudioVersion = 10.0.40219.1
Project("{FAE04EC0-301F-11D3-BF4B-00C04F79EFBC}") = "Contratos", "Contratos\Contratos.csproj", "{515F349B-E90C-4143-AC69-E102BCD05EEF}"
EndProject
Global
	GlobalSection(SolutionConfigurationPlatforms) = preSolution
		Debug|Any CPU = Debug|Any CPU
		Release|Any CPU = Release|Any CPU
	EndGlobalSection
	GlobalSection(ProjectConfigurationPlatforms) = postSolution
		{515F349B-E90C-4143-AC69-E102BCD05EEF}.Debug|Any CPU.ActiveCfg = Debug|Any CPU
		{515F349B-E90C-4143-AC69-E102BCD05EEF}.Debug|Any CPU.Build.0 = Debug|Any CPU
		{515F349B-E90C-4143-AC69-E102BCD05EEF}.Release|Any CPU.ActiveCfg = Release|Any CPU
		{515F349B-E90C-4143-AC69-E102BCD05EEF}.Release|Any CPU.Build.0 = Release|Any CPU
	EndGlobalSection
	GlobalSection(SolutionProperties) = preSolution
		HideSolutionNode = FALSE
	EndGlobalSection
	GlobalSection(ExtensibilityGlobals) = postSolution
		SolutionGuid = {6E6368C6-5B52-4AB1-A4D3-6F4F0C1DF719}
	EndGlobalSection
EndGlobal
